{
  "name": "rebeam-monorepo",
  "version": "1.0.0",
  "lockfileVersion": 3,
  "requires": true,
  "packages": {
    "": {
      "name": "rebeam-monorepo",
      "version": "1.0.0",
      "workspaces": [
        "apps/*",
        "packages/*"
      ],
      "devDependencies": {
        "turbo": "^1.11.3"
      },
      "engines": {
        "node": ">=18.0.0"
      }
    },
    "apps/api": {
      "name": "@rebeam/api",
      "version": "1.0.0",
      "dependencies": {
        "axios": "^1.7.9",
        "next": "14.1.0",
        "react": "18.2.0",
        "react-dom": "18.2.0"
      },
      "devDependencies": {
        "@types/node": "20.10.0",
        "@types/react": "18.2.0",
        "typescript": "5.3.0",
        "jest": "29.7.0",
        "eslint": "8.54.0"
      }
    },
    "apps/validator": {
      "name": "@rebeam/validator",
      "version": "1.0.0",
      "dependencies": {
        "axios": "^1.7.9",
        "ethers": "5.7.2",
        "winston": "3.11.0"
      },
      "devDependencies": {
        "@types/node": "20.10.0",
        "@types/ethers": "5.5.9",
        "typescript": "5.3.0",
        "jest": "29.7.0",
        "ts-node": "10.9.1"
      }
    },
    "packages/common": {
      "name": "@rebeam/common",
      "version": "1.0.0",
      "dependencies": {
        "axios": "^1.7.9"
      },
      "devDependencies": {
        "@types/node": "20.10.0",
        "typescript": "5.3.0"
      }
    }
  }
}
